
Microsoft Visual Studio Solution File, Format Version 12.00
# Visual Studio Version 17
VisualStudioVersion = 17.4.33403.182
MinimumVisualStudioVersion = 10.0.40219.1
Project("{FAE04EC0-301F-11D3-BF4B-00C04F79EFBC}") = "ChangeScreenSize", "ChangeScreenSize\ChangeScreenSize.csproj", "{AD6A1719-842A-427A-B694-E50CCDE79B1A}"
EndProject
Global
	GlobalSection(SolutionConfigurationPlatforms) = preSolution
		Debug|Any CPU = Debug|Any CPU
		Release|Any CPU = Release|Any CPU
	EndGlobalSection
	GlobalSection(ProjectConfigurationPlatforms) = postSolution
		{AD6A1719-842A-427A-B694-E50CCDE79B1A}.Debug|Any CPU.ActiveCfg = Debug|Any CPU
		{AD6A1719-842A-427A-B694-E50CCDE79B1A}.Debug|Any CPU.Build.0 = Debug|Any CPU
		{AD6A1719-842A-427A-B694-E50CCDE79B1A}.Release|Any CPU.ActiveCfg = Release|Any CPU
		{AD6A1719-842A-427A-B694-E50CCDE79B1A}.Release|Any CPU.Build.0 = Release|Any CPU
	EndGlobalSection
	GlobalSection(SolutionProperties) = preSolution
		HideSolutionNode = FALSE
	EndGlobalSection
	GlobalSection(ExtensibilityGlobals) = postSolution
		SolutionGuid = {3F7EADA9-5FC2-41A5-959E-4BFC49B8C87A}
	EndGlobalSection
EndGlobal
